// !$*UTF8*$!
{
	archiveVersion = 1;
	classes = {
	};
	objectVersion = 50;
	objects = {

/* Begin PBXBuildFile section */
		64EA961721ED364B00045820 /* AppDelegate.swift in Sources */ = {isa = PBXBuildFile; fileRef = 64EA961621ED364B00045820 /* AppDelegate.swift */; };
		64EA961C21ED364B00045820 /* Main.storyboard in Resources */ = {isa = PBXBuildFile; fileRef = 64EA961A21ED364B00045820 /* Main.storyboard */; };
		64EA961F21ED364B00045820 /* CoreDataTest.xcdatamodeld in Sources */ = {isa = PBXBuildFile; fileRef = 64EA961D21ED364B00045820 /* CoreDataTest.xcdatamodeld */; };
		64EA962121ED364B00045820 /* Assets.xcassets in Resources */ = {isa = PBXBuildFile; fileRef = 64EA962021ED364B00045820 /* Assets.xcassets */; };
		64EA962421ED364B00045820 /* LaunchScreen.storyboard in Resources */ = {isa = PBXBuildFile; fileRef = 64EA962221ED364B00045820 /* LaunchScreen.storyboard */; };
		64EA963021ED4B3800045820 /* TasksTableViewController.swift in Sources */ = {isa = PBXBuildFile; fileRef = 64EA962F21ED4B3800045820 /* TasksTableViewController.swift */; };
		64EA963221ED4B4300045820 /* SubTasksTableViewController.swift in Sources */ = {isa = PBXBuildFile; fileRef = 64EA963121ED4B4300045820 /* SubTasksTableViewController.swift */; };
		64EA964221ED500500045820 /* DataController.swift in Sources */ = {isa = PBXBuildFile; fileRef = 64EA964121ED500500045820 /* DataController.swift */; };
/* End PBXBuildFile section */

/* Begin PBXFileReference section */
		64EA961321ED364B00045820 /* CoreDataTest.app */ = {isa = PBXFileReference; explicitFileType = wrapper.application; includeInIndex = 0; path = CoreDataTest.app; sourceTree = BUILT_PRODUCTS_DIR; };
		64EA961621ED364B00045820 /* AppDelegate.swift */ = {isa = PBXFileReference; lastKnownFileType = sourcecode.swift; path = AppDelegate.swift; sourceTree = "<group>"; };
		64EA961B21ED364B00045820 /* Base */ = {isa = PBXFileReference; lastKnownFileType = file.storyboard; name = Base; path = Base.lproj/Main.storyboard; sourceTree = "<group>"; };
		64EA961E21ED364B00045820 /* CoreDataTest.xcdatamodel */ = {isa = PBXFileReference; lastKnownFileType = wrapper.xcdatamodel; path = CoreDataTest.xcdatamodel; sourceTree = "<group>"; };
		64EA962021ED364B00045820 /* Assets.xcassets */ = {isa = PBXFileReference; lastKnownFileType = folder.assetcatalog; path = Assets.xcassets; sourceTree = "<group>"; };
		64EA962321ED364B00045820 /* Base */ = {isa = PBXFileReference; lastKnownFileType = file.storyboard; name = Base; path = Base.lproj/LaunchScreen.storyboard; sourceTree = "<group>"; };
		64EA962521ED364B00045820 /* Info.plist */ = {isa = PBXFileReference; lastKnownFileType = text.plist.xml; path = Info.plist; sourceTree = "<group>"; };
		64EA962F21ED4B3800045820 /* TasksTableViewController.swift */ = {isa = PBXFileReference; lastKnownFileType = sourcecode.swift; path = TasksTableViewController.swift; sourceTree = "<group>"; };
		64EA963121ED4B4300045820 /* SubTasksTableViewController.swift */ = {isa = PBXFileReference; lastKnownFileType = sourcecode.swift; path = SubTasksTableViewController.swift; sourceTree = "<group>"; };
		64EA964121ED500500045820 /* DataController.swift */ = {isa = PBXFileReference; lastKnownFileType = sourcecode.swift; path = DataController.swift; sourceTree = "<group>"; };
/* End PBXFileReference section */

/* Begin PBXFrameworksBuildPhase section */
		64EA961021ED364B00045820 /* Frameworks */ = {
			isa = PBXFrameworksBuildPhase;
			buildActionMask = 2147483647;
			files = (
			);
			runOnlyForDeploymentPostprocessing = 0;
		};
/* End PBXFrameworksBuildPhase section */

/* Begin PBXGroup section */
		64EA960A21ED364B00045820 = {
			isa = PBXGroup;
			children = (
				64EA961521ED364B00045820 /* CoreDataTest */,
				64EA961421ED364B00045820 /* Products */,
			);
			sourceTree = "<group>";
		};
		64EA961421ED364B00045820 /* Products */ = {
			isa = PBXGroup;
			children = (
				64EA961321ED364B00045820 /* CoreDataTest.app */,
			);
			name = Products;
			sourceTree = "<group>";
		};
		64EA961521ED364B00045820 /* CoreDataTest */ = {
			isa = PBXGroup;
			children = (
				64EA963421ED4B7900045820 /* Resources */,
				64EA963521ED4B8900045820 /* Views */,
				64EA963621ED4B8F00045820 /* Models */,
				64EA963321ED4B5700045820 /* ViewControllers */,
			);
			path = CoreDataTest;
			sourceTree = "<group>";
		};
		64EA963321ED4B5700045820 /* ViewControllers */ = {
			isa = PBXGroup;
			children = (
				64EA962F21ED4B3800045820 /* TasksTableViewController.swift */,
				64EA963121ED4B4300045820 /* SubTasksTableViewController.swift */,
			);
			path = ViewControllers;
			sourceTree = "<group>";
		};
		64EA963421ED4B7900045820 /* Resources */ = {
			isa = PBXGroup;
			children = (
				64EA961621ED364B00045820 /* AppDelegate.swift */,
				64EA962021ED364B00045820 /* Assets.xcassets */,
				64EA962521ED364B00045820 /* Info.plist */,
			);
			path = Resources;
			sourceTree = "<group>";
		};
		64EA963521ED4B8900045820 /* Views */ = {
			isa = PBXGroup;
			children = (
				64EA961A21ED364B00045820 /* Main.storyboard */,
				64EA962221ED364B00045820 /* LaunchScreen.storyboard */,
			);
			path = Views;
			sourceTree = "<group>";
		};
		64EA963621ED4B8F00045820 /* Models */ = {
			isa = PBXGroup;
			children = (
				64EA961D21ED364B00045820 /* CoreDataTest.xcdatamodeld */,
				64EA964121ED500500045820 /* DataController.swift */,
			);
			path = Models;
			sourceTree = "<group>";
		};
/* End PBXGroup section */

/* Begin PBXNativeTarget section */
		64EA961221ED364B00045820 /* CoreDataTest */ = {
			isa = PBXNativeTarget;
			buildConfigurationList = 64EA962821ED364B00045820 /* Build configuration list for PBXNativeTarget "CoreDataTest" */;
			buildPhases = (
				64EA960F21ED364B00045820 /* Sources */,
				64EA961021ED364B00045820 /* Frameworks */,
				64EA961121ED364B00045820 /* Resources */,
			);
			buildRules = (
			);
			dependencies = (
			);
			name = CoreDataTest;
			productName = CoreDataTest;
			productReference = 64EA961321ED364B00045820 /* CoreDataTest.app */;
			productType = "com.apple.product-type.application";
		};
/* End PBXNativeTarget section */

/* Begin PBXProject section */
		64EA960B21ED364B00045820 /* Project object */ = {
			isa = PBXProject;
			attributes = {
				LastSwiftUpdateCheck = 1010;
				LastUpgradeCheck = 1010;
				ORGANIZATIONNAME = qutaibah;
				TargetAttributes = {
					64EA961221ED364B00045820 = {
						CreatedOnToolsVersion = 10.1;
					};
				};
			};
			buildConfigurationList = 64EA960E21ED364B00045820 /* Build configuration list for PBXProject "CoreDataTest" */;
			compatibilityVersion = "Xcode 9.3";
			developmentRegion = en;
			hasScannedForEncodings = 0;
			knownRegions = (
				en,
				Base,
			);
			mainGroup = 64EA960A21ED364B00045820;
			productRefGroup = 64EA961421ED364B00045820 /* Products */;
			projectDirPath = "";
			projectRoot = "";
			targets = (
				64EA961221ED364B00045820 /* CoreDataTest */,
			);
		};
/* End PBXProject section */

/* Begin PBXResourcesBuildPhase section */
		64EA961121ED364B00045820 /* Resources */ = {
			isa = PBXResourcesBuildPhase;
			buildActionMask = 2147483647;
			files = (
				64EA962421ED364B00045820 /* LaunchScreen.storyboard in Resources */,
				64EA962121ED364B00045820 /* Assets.xcassets in Resources */,
				64EA961C21ED364B00045820 /* Main.storyboard in Resources */,
			);
			runOnlyForDeploymentPostprocessing = 0;
		};
/* End PBXResourcesBuildPhase section */

/* Begin PBXSourcesBuildPhase section */
		64EA960F21ED364B00045820 /* Sources */ = {
			isa = PBXSourcesBuildPhase;
			buildActionMask = 2147483647;
			files = (
				64EA964221ED500500045820 /* DataController.swift in Sources */,
				64EA963021ED4B3800045820 /* TasksTableViewController.swift in Sources */,
				64EA963221ED4B4300045820 /* SubTasksTableViewController.swift in Sources */,
				64EA961F21ED364B00045820 /* CoreDataTest.xcdatamodeld in Sources */,
				64EA961721ED364B00045820 /* AppDelegate.swift in Sources */,
			);
			runOnlyForDeploymentPostprocessing = 0;
		};
/* End PBXSourcesBuildPhase section */

/* Begin PBXVariantGroup section */
		64EA961A21ED364B00045820 /* Main.storyboard */ = {
			isa = PBXVariantGroup;
			children = (
				64EA961B21ED364B00045820 /* Base */,
			);
			name = Main.storyboard;
			sourceTree = "<group>";
		};
		64EA962221ED364B00045820 /* LaunchScreen.storyboard */ = {
			isa = PBXVariantGroup;
			children = (
				64EA962321ED364B00045820 /* Base */,
			);
			name = LaunchScreen.storyboard;
			sourceTree = "<group>";
		};
/* End PBXVariantGroup section */

/* Begin XCBuildConfiguration section */
		64EA962621ED364B00045820 /* Debug */ = {
			isa = XCBuildConfiguration;
			buildSettings = {
				ALWAYS_SEARCH_USER_PATHS = NO;
				CLANG_ANALYZER_NONNULL = YES;
				CLANG_ANALYZER_NUMBER_OBJECT_CONVERSION = YES_AGGRESSIVE;
				CLANG_CXX_LANGUAGE_STANDARD = "gnu++14";
				CLANG_CXX_LIBRARY = "libc++";
				CLANG_ENABLE_MODULES = YES;
				CLANG_ENABLE_OBJC_ARC = YES;
				CLANG_ENABLE_OBJC_WEAK = YES;
				CLANG_WARN_BLOCK_CAPTURE_AUTORELEASING = YES;
				CLANG_WARN_BOOL_CONVERSION = YES;
				CLANG_WARN_COMMA = YES;
				CLANG_WARN_CONSTANT_CONVERSION = YES;
				CLANG_WARN_DEPRECATED_OBJC_IMPLEMENTATIONS = YES;
				CLANG_WARN_DIRECT_OBJC_ISA_USAGE = YES_ERROR;
				CLANG_WARN_DOCUMENTATION_COMMENTS = YES;
				CLANG_WARN_EMPTY_BODY = YES;
				CLANG_WARN_ENUM_CONVERSION = YES;
				CLANG_WARN_INFINITE_RECURSION = YES;
				CLANG_WARN_INT_CONVERSION = YES;
				CLANG_WARN_NON_LITERAL_NULL_CONVERSION = YES;
				CLANG_WARN_OBJC_IMPLICIT_RETAIN_SELF = YES;
				CLANG_WARN_OBJC_LITERAL_CONVERSION = YES;
				CLANG_WARN_OBJC_ROOT_CLASS = YES_ERROR;
				CLANG_WARN_RANGE_LOOP_ANALYSIS = YES;
				CLANG_WARN_STRICT_PROTOTYPES = YES;
				CLANG_WARN_SUSPICIOUS_MOVE = YES;
				CLANG_WARN_UNGUARDED_AVAILABILITY = YES_AGGRESSIVE;
				CLANG_WARN_UNREACHABLE_CODE = YES;
				CLANG_WARN__DUPLICATE_METHOD_MATCH = YES;
				CODE_SIGN_IDENTITY = "iPhone Developer";
				COPY_PHASE_STRIP = NO;
				DEBUG_INFORMATION_FORMAT = dwarf;
				ENABLE_STRICT_OBJC_MSGSEND = YES;
				ENABLE_TESTABILITY = YES;
				GCC_C_LANGUAGE_STANDARD = gnu11;
				GCC_DYNAMIC_NO_PIC = NO;
				GCC_NO_COMMON_BLOCKS = YES;
				GCC_OPTIMIZATION_LEVEL = 0;
				GCC_PREPROCESSOR_DEFINITIONS = (
					"DEBUG=1",
					"$(inherited)",
				);
				GCC_WARN_64_TO_32_BIT_CONVERSION = YES;
				GCC_WARN_ABOUT_RETURN_TYPE = YES_ERROR;
				GCC_WARN_UNDECLARED_SELECTOR = YES;
				GCC_WARN_UNINITIALIZED_AUTOS = YES_AGGRESSIVE;
				GCC_WARN_UNUSED_FUNCTION = YES;
				GCC_WARN_UNUSED_VARIABLE = YES;
				IPHONEOS_DEPLOYMENT_TARGET = 12.1;
				MTL_ENABLE_DEBUG_INFO = INCLUDE_SOURCE;
				MTL_FAST_MATH = YES;
				ONLY_ACTIVE_ARCH = YES;
				SDKROOT = iphoneos;
				SWIFT_ACTIVE_COMPILATION_CONDITIONS = DEBUG;
				SWIFT_OPTIMIZATION_LEVEL = "-Onone";
			};
			name = Debug;
		};
		64EA962721ED364B00045820 /* Release */ = {
			isa = XCBuildConfiguration;
			buildSettings = {
				ALWAYS_SEARCH_USER_PATHS = NO;
				CLANG_ANALYZER_NONNULL = YES;
				CLANG_ANALYZER_NUMBER_OBJECT_CONVERSION = YES_AGGRESSIVE;
				CLANG_CXX_LANGUAGE_STANDARD = "gnu++14";
				CLANG_CXX_LIBRARY = "libc++";
				CLANG_ENABLE_MODULES = YES;
				CLANG_ENABLE_OBJC_ARC = YES;
				CLANG_ENABLE_OBJC_WEAK = YES;
				CLANG_WARN_BLOCK_CAPTURE_AUTORELEASING = YES;
				CLANG_WARN_BOOL_CONVERSION = YES;
				CLANG_WARN_COMMA = YES;
				CLANG_WARN_CONSTANT_CONVERSION = YES;
				CLANG_WARN_DEPRECATED_OBJC_IMPLEMENTATIONS = YES;
				CLANG_WARN_DIRECT_OBJC_ISA_USAGE = YES_ERROR;
				CLANG_WARN_DOCUMENTATION_COMMENTS = YES;
				CLANG_WARN_EMPTY_BODY = YES;
				CLANG_WARN_ENUM_CONVERSION = YES;
				CLANG_WARN_INFINITE_RECURSION = YES;
				CLANG_WARN_INT_CONVERSION = YES;
				CLANG_WARN_NON_LITERAL_NULL_CONVERSION = YES;
				CLANG_WARN_OBJC_IMPLICIT_RETAIN_SELF = YES;
				CLANG_WARN_OBJC_LITERAL_CONVERSION = YES;
				CLANG_WARN_OBJC_ROOT_CLASS = YES_ERROR;
				CLANG_WARN_RANGE_LOOP_ANALYSIS = YES;
				CLANG_WARN_STRICT_PROTOTYPES = YES;
				CLANG_WARN_SUSPICIOUS_MOVE = YES;
				CLANG_WARN_UNGUARDED_AVAILABILITY = YES_AGGRESSIVE;
				CLANG_WARN_UNREACHABLE_CODE = YES;
				CLANG_WARN__DUPLICATE_METHOD_MATCH = YES;
				CODE_SIGN_IDENTITY = "iPhone Developer";
				COPY_PHASE_STRIP = NO;
				DEBUG_INFORMATION_FORMAT = "dwarf-with-dsym";
				ENABLE_NS_ASSERTIONS = NO;
				ENABLE_STRICT_OBJC_MSGSEND = YES;
				GCC_C_LANGUAGE_STANDARD = gnu11;
				GCC_NO_COMMON_BLOCKS = YES;
				GCC_WARN_64_TO_32_BIT_CONVERSION = YES;
				GCC_WARN_ABOUT_RETURN_TYPE = YES_ERROR;
				GCC_WARN_UNDECLARED_SELECTOR = YES;
				GCC_WARN_UNINITIALIZED_AUTOS = YES_AGGRESSIVE;
				GCC_WARN_UNUSED_FUNCTION = YES;
				GCC_WARN_UNUSED_VARIABLE = YES;
				IPHONEOS_DEPLOYMENT_TARGET = 12.1;
				MTL_ENABLE_DEBUG_INFO = NO;
				MTL_FAST_MATH = YES;
				SDKROOT = iphoneos;
				SWIFT_COMPILATION_MODE = wholemodule;
				SWIFT_OPTIMIZATION_LEVEL = "-O";
				VALIDATE_PRODUCT = YES;
			};
			name = Release;
		};
		64EA962921ED364B00045820 /* Debug */ = {
			isa = XCBuildConfiguration;
			buildSettings = {
				ASSETCATALOG_COMPILER_APPICON_NAME = AppIcon;
				CODE_SIGN_STYLE = Automatic;
				DEVELOPMENT_TEAM = TW53Q2QTHU;
				INFOPLIST_FILE = CoreDataTest/Resources/Info.plist;
				LD_RUNPATH_SEARCH_PATHS = (
					"$(inherited)",
					"@executable_path/Frameworks",
				);
				PRODUCT_BUNDLE_IDENTIFIER = com.qutaibah.CoreDataTest;
				PRODUCT_NAME = "$(TARGET_NAME)";
				SWIFT_VERSION = 4.2;
				TARGETED_DEVICE_FAMILY = "1,2";
			};
			name = Debug;
		};
		64EA962A21ED364B00045820 /* Release */ = {
			isa = XCBuildConfiguration;
			buildSettings = {
				ASSETCATALOG_COMPILER_APPICON_NAME = AppIcon;
				CODE_SIGN_STYLE = Automatic;
				DEVELOPMENT_TEAM = TW53Q2QTHU;
				INFOPLIST_FILE = CoreDataTest/Resources/Info.plist;
				LD_RUNPATH_SEARCH_PATHS = (
					"$(inherited)",
					"@executable_path/Frameworks",
				);
				PRODUCT_BUNDLE_IDENTIFIER = com.qutaibah.CoreDataTest;
				PRODUCT_NAME = "$(TARGET_NAME)";
				SWIFT_VERSION = 4.2;
				TARGETED_DEVICE_FAMILY = "1,2";
			};
			name = Release;
		};
/* End XCBuildConfiguration section */

/* Begin XCConfigurationList section */
		64EA960E21ED364B00045820 /* Build configuration list for PBXProject "CoreDataTest" */ = {
			isa = XCConfigurationList;
			buildConfigurations = (
				64EA962621ED364B00045820 /* Debug */,
				64EA962721ED364B00045820 /* Release */,
			);
			defaultConfigurationIsVisible = 0;
			defaultConfigurationName = Release;
		};
		64EA962821ED364B00045820 /* Build configuration list for PBXNativeTarget "CoreDataTest" */ = {
			isa = XCConfigurationList;
			buildConfigurations = (
				64EA962921ED364B00045820 /* Debug */,
				64EA962A21ED364B00045820 /* Release */,
			);
			defaultConfigurationIsVisible = 0;
			defaultConfigurationName = Release;
		};
/* End XCConfigurationList section */

/* Begin XCVersionGroup section */
		64EA961D21ED364B00045820 /* CoreDataTest.xcdatamodeld */ = {
			isa = XCVersionGroup;
			children = (
				64EA961E21ED364B00045820 /* CoreDataTest.xcdatamodel */,
			);
			currentVersion = 64EA961E21ED364B00045820 /* CoreDataTest.xcdatamodel */;
			path = CoreDataTest.xcdatamodeld;
			sourceTree = "<group>";
			versionGroupType = wrapper.xcdatamodel;
		};
/* End XCVersionGroup section */
	};
	rootObject = 64EA960B21ED364B00045820 /* Project object */;
}
